
Microsoft Visual Studio Solution File, Format Version 12.00
# Visual Studio Version 16
VisualStudioVersion = 16.0.29215.179
MinimumVisualStudioVersion = 10.0.40219.1
Project("{8BC9CEB8-8B4A-11D0-8D11-00A0C91BC942}") = "ConsoleApplication4", "ConsoleApplication4.vcxproj", "{8EEB4B01-3F35-4BD8-BAD6-E76F28C88734}"
EndProject
Global
	GlobalSection(SolutionConfigurationPlatforms) = preSolution
		Debug|x64 = Debug|x64
		Debug|x86 = Debug|x86
		Release|x64 = Release|x64
		Release|x86 = Release|x86
	EndGlobalSection
	GlobalSection(ProjectConfigurationPlatforms) = postSolution
		{8EEB4B01-3F35-4BD8-BAD6-E76F28C88734}.Debug|x64.ActiveCfg = Debug|x64
		{8EEB4B01-3F35-4BD8-BAD6-E76F28C88734}.Debug|x64.Build.0 = Debug|x64
		{8EEB4B01-3F35-4BD8-BAD6-E76F28C88734}.Debug|x86.ActiveCfg = Debug|Win32
		{8EEB4B01-3F35-4BD8-BAD6-E76F28C88734}.Debug|x86.Build.0 = Debug|Win32
		{8EEB4B01-3F35-4BD8-BAD6-E76F28C88734}.Release|x64.ActiveCfg = Release|x64
		{8EEB4B01-3F35-4BD8-BAD6-E76F28C88734}.Release|x64.Build.0 = Release|x64
		{8EEB4B01-3F35-4BD8-BAD6-E76F28C88734}.Release|x86.ActiveCfg = Release|Win32
		{8EEB4B01-3F35-4BD8-BAD6-E76F28C88734}.Release|x86.Build.0 = Release|Win32
	EndGlobalSection
	GlobalSection(SolutionProperties) = preSolution
		HideSolutionNode = FALSE
	EndGlobalSection
	GlobalSection(ExtensibilityGlobals) = postSolution
		SolutionGuid = {77073E0D-F750-46CE-9028-8256C023AC1B}
	EndGlobalSection
EndGlobal
